// !$*UTF8*$!
{
	archiveVersion = 1;
	classes = {
	};
	objectVersion = 56;
	objects = {

/* Begin PBXBuildFile section */
		B002D93929770A1200DDC7E5 /* CarbonEmissionVC.swift in Sources */ = {isa = PBXBuildFile; fileRef = B002D93829770A1200DDC7E5 /* CarbonEmissionVC.swift */; };
		B002D93D2979062100DDC7E5 /* PopUpVC.swift in Sources */ = {isa = PBXBuildFile; fileRef = B002D93C2979062000DDC7E5 /* PopUpVC.swift */; };
		B07E2FFA2970AC7600C8B3EF /* RandomVchl.swift in Sources */ = {isa = PBXBuildFile; fileRef = B07E2FF92970AC7600C8B3EF /* RandomVchl.swift */; };
		B07E2FFD2970B32C00C8B3EF /* VehicleListVC.swift in Sources */ = {isa = PBXBuildFile; fileRef = B07E2FFC2970B32C00C8B3EF /* VehicleListVC.swift */; };
		B07E30032970E09F00C8B3EF /* VehicleDetailsVC.swift in Sources */ = {isa = PBXBuildFile; fileRef = B07E30022970E09F00C8B3EF /* VehicleDetailsVC.swift */; };
		B0831F722970839800D8E73A /* AppDelegate.swift in Sources */ = {isa = PBXBuildFile; fileRef = B0831F712970839800D8E73A /* AppDelegate.swift */; };
		B0831F742970839800D8E73A /* SceneDelegate.swift in Sources */ = {isa = PBXBuildFile; fileRef = B0831F732970839800D8E73A /* SceneDelegate.swift */; };
		B0831F792970839800D8E73A /* Main.storyboard in Resources */ = {isa = PBXBuildFile; fileRef = B0831F772970839800D8E73A /* Main.storyboard */; };
		B0831F7B297083A000D8E73A /* Assets.xcassets in Resources */ = {isa = PBXBuildFile; fileRef = B0831F7A297083A000D8E73A /* Assets.xcassets */; };
		B0831F7E297083A000D8E73A /* LaunchScreen.storyboard in Resources */ = {isa = PBXBuildFile; fileRef = B0831F7C297083A000D8E73A /* LaunchScreen.storyboard */; };
		B0831F89297083A100D8E73A /* RidesTests.swift in Sources */ = {isa = PBXBuildFile; fileRef = B0831F88297083A100D8E73A /* RidesTests.swift */; };
		B0831F93297083A100D8E73A /* RidesUITests.swift in Sources */ = {isa = PBXBuildFile; fileRef = B0831F92297083A100D8E73A /* RidesUITests.swift */; };
		B0831F95297083A100D8E73A /* RidesUITestsLaunchTests.swift in Sources */ = {isa = PBXBuildFile; fileRef = B0831F94297083A100D8E73A /* RidesUITestsLaunchTests.swift */; };
		B0831FAE2970A42600D8E73A /* VehicleViewModel.swift in Sources */ = {isa = PBXBuildFile; fileRef = B0831FAD2970A42600D8E73A /* VehicleViewModel.swift */; };
/* End PBXBuildFile section */

/* Begin PBXContainerItemProxy section */
		B0831F85297083A100D8E73A /* PBXContainerItemProxy */ = {
			isa = PBXContainerItemProxy;
			containerPortal = B0831F662970839800D8E73A /* Project object */;
			proxyType = 1;
			remoteGlobalIDString = B0831F6D2970839800D8E73A;
			remoteInfo = Rides;
		};
		B0831F8F297083A100D8E73A /* PBXContainerItemProxy */ = {
			isa = PBXContainerItemProxy;
			containerPortal = B0831F662970839800D8E73A /* Project object */;
			proxyType = 1;
			remoteGlobalIDString = B0831F6D2970839800D8E73A;
			remoteInfo = Rides;
		};
/* End PBXContainerItemProxy section */

/* Begin PBXFileReference section */
		B002D93829770A1200DDC7E5 /* CarbonEmissionVC.swift */ = {isa = PBXFileReference; lastKnownFileType = sourcecode.swift; path = CarbonEmissionVC.swift; sourceTree = "<group>"; };
		B002D93C2979062000DDC7E5 /* PopUpVC.swift */ = {isa = PBXFileReference; lastKnownFileType = sourcecode.swift; path = PopUpVC.swift; sourceTree = "<group>"; };
		B07E2FF92970AC7600C8B3EF /* RandomVchl.swift */ = {isa = PBXFileReference; lastKnownFileType = sourcecode.swift; path = RandomVchl.swift; sourceTree = "<group>"; };
		B07E2FFC2970B32C00C8B3EF /* VehicleListVC.swift */ = {isa = PBXFileReference; lastKnownFileType = sourcecode.swift; path = VehicleListVC.swift; sourceTree = "<group>"; };
		B07E30022970E09F00C8B3EF /* VehicleDetailsVC.swift */ = {isa = PBXFileReference; lastKnownFileType = sourcecode.swift; path = VehicleDetailsVC.swift; sourceTree = "<group>"; };
		B0831F6E2970839800D8E73A /* Rides.app */ = {isa = PBXFileReference; explicitFileType = wrapper.application; includeInIndex = 0; path = Rides.app; sourceTree = BUILT_PRODUCTS_DIR; };
		B0831F712970839800D8E73A /* AppDelegate.swift */ = {isa = PBXFileReference; lastKnownFileType = sourcecode.swift; path = AppDelegate.swift; sourceTree = "<group>"; };
		B0831F732970839800D8E73A /* SceneDelegate.swift */ = {isa = PBXFileReference; lastKnownFileType = sourcecode.swift; path = SceneDelegate.swift; sourceTree = "<group>"; };
		B0831F782970839800D8E73A /* Base */ = {isa = PBXFileReference; lastKnownFileType = file.storyboard; name = Base; path = Base.lproj/Main.storyboard; sourceTree = "<group>"; };
		B0831F7A297083A000D8E73A /* Assets.xcassets */ = {isa = PBXFileReference; lastKnownFileType = folder.assetcatalog; path = Assets.xcassets; sourceTree = "<group>"; };
		B0831F7D297083A000D8E73A /* Base */ = {isa = PBXFileReference; lastKnownFileType = file.storyboard; name = Base; path = Base.lproj/LaunchScreen.storyboard; sourceTree = "<group>"; };
		B0831F7F297083A000D8E73A /* Info.plist */ = {isa = PBXFileReference; lastKnownFileType = text.plist.xml; path = Info.plist; sourceTree = "<group>"; };
		B0831F84297083A100D8E73A /* RidesTests.xctest */ = {isa = PBXFileReference; explicitFileType = wrapper.cfbundle; includeInIndex = 0; path = RidesTests.xctest; sourceTree = BUILT_PRODUCTS_DIR; };
		B0831F88297083A100D8E73A /* RidesTests.swift */ = {isa = PBXFileReference; lastKnownFileType = sourcecode.swift; path = RidesTests.swift; sourceTree = "<group>"; };
		B0831F8E297083A100D8E73A /* RidesUITests.xctest */ = {isa = PBXFileReference; explicitFileType = wrapper.cfbundle; includeInIndex = 0; path = RidesUITests.xctest; sourceTree = BUILT_PRODUCTS_DIR; };
		B0831F92297083A100D8E73A /* RidesUITests.swift */ = {isa = PBXFileReference; lastKnownFileType = sourcecode.swift; path = RidesUITests.swift; sourceTree = "<group>"; };
		B0831F94297083A100D8E73A /* RidesUITestsLaunchTests.swift */ = {isa = PBXFileReference; lastKnownFileType = sourcecode.swift; path = RidesUITestsLaunchTests.swift; sourceTree = "<group>"; };
		B0831FAD2970A42600D8E73A /* VehicleViewModel.swift */ = {isa = PBXFileReference; lastKnownFileType = sourcecode.swift; path = VehicleViewModel.swift; sourceTree = "<group>"; };
/* End PBXFileReference section */

/* Begin PBXFrameworksBuildPhase section */
		B0831F6B2970839800D8E73A /* Frameworks */ = {
			isa = PBXFrameworksBuildPhase;
			buildActionMask = 2147483647;
			files = (
			);
			runOnlyForDeploymentPostprocessing = 0;
		};
		B0831F81297083A100D8E73A /* Frameworks */ = {
			isa = PBXFrameworksBuildPhase;
			buildActionMask = 2147483647;
			files = (
			);
			runOnlyForDeploymentPostprocessing = 0;
		};
		B0831F8B297083A100D8E73A /* Frameworks */ = {
			isa = PBXFrameworksBuildPhase;
			buildActionMask = 2147483647;
			files = (
			);
			runOnlyForDeploymentPostprocessing = 0;
		};
/* End PBXFrameworksBuildPhase section */

/* Begin PBXGroup section */
		B07E2FFB2970B2FD00C8B3EF /* OnBoardVC */ = {
			isa = PBXGroup;
			children = (
				B07E2FFC2970B32C00C8B3EF /* VehicleListVC.swift */,
				B07E30022970E09F00C8B3EF /* VehicleDetailsVC.swift */,
				B002D93829770A1200DDC7E5 /* CarbonEmissionVC.swift */,
				B002D93C2979062000DDC7E5 /* PopUpVC.swift */,
			);
			path = OnBoardVC;
			sourceTree = "<group>";
		};
		B0831F652970839800D8E73A = {
			isa = PBXGroup;
			children = (
				B0831F702970839800D8E73A /* Rides */,
				B0831F87297083A100D8E73A /* RidesTests */,
				B0831F91297083A100D8E73A /* RidesUITests */,
				B0831F6F2970839800D8E73A /* Products */,
				B8E6CF6C0F3FD975E083E66F /* Pods */,
			);
			sourceTree = "<group>";
		};
		B0831F6F2970839800D8E73A /* Products */ = {
			isa = PBXGroup;
			children = (
				B0831F6E2970839800D8E73A /* Rides.app */,
				B0831F84297083A100D8E73A /* RidesTests.xctest */,
				B0831F8E297083A100D8E73A /* RidesUITests.xctest */,
			);
			name = Products;
			sourceTree = "<group>";
		};
		B0831F702970839800D8E73A /* Rides */ = {
			isa = PBXGroup;
			children = (
				B0831F712970839800D8E73A /* AppDelegate.swift */,
				B0831F732970839800D8E73A /* SceneDelegate.swift */,
				B0831FA4297087D700D8E73A /* Models */,
				B0831FA12970849A00D8E73A /* ViewModel */,
				B07E2FFB2970B2FD00C8B3EF /* OnBoardVC */,
				B0831F772970839800D8E73A /* Main.storyboard */,
				B0831F7A297083A000D8E73A /* Assets.xcassets */,
				B0831F7C297083A000D8E73A /* LaunchScreen.storyboard */,
				B0831F7F297083A000D8E73A /* Info.plist */,
			);
			path = Rides;
			sourceTree = "<group>";
		};
		B0831F87297083A100D8E73A /* RidesTests */ = {
			isa = PBXGroup;
			children = (
				B0831F88297083A100D8E73A /* RidesTests.swift */,
			);
			path = RidesTests;
			sourceTree = "<group>";
		};
		B0831F91297083A100D8E73A /* RidesUITests */ = {
			isa = PBXGroup;
			children = (
				B0831F92297083A100D8E73A /* RidesUITests.swift */,
				B0831F94297083A100D8E73A /* RidesUITestsLaunchTests.swift */,
			);
			path = RidesUITests;
			sourceTree = "<group>";
		};
		B0831FA12970849A00D8E73A /* ViewModel */ = {
			isa = PBXGroup;
			children = (
				B0831FAD2970A42600D8E73A /* VehicleViewModel.swift */,
			);
			path = ViewModel;
			sourceTree = "<group>";
		};
		B0831FA4297087D700D8E73A /* Models */ = {
			isa = PBXGroup;
			children = (
				B07E2FF92970AC7600C8B3EF /* RandomVchl.swift */,
			);
			path = Models;
			sourceTree = "<group>";
		};
		B8E6CF6C0F3FD975E083E66F /* Pods */ = {
			isa = PBXGroup;
			children = (
			);
			path = Pods;
			sourceTree = "<group>";
		};
/* End PBXGroup section */

/* Begin PBXNativeTarget section */
		B0831F6D2970839800D8E73A /* Rides */ = {
			isa = PBXNativeTarget;
			buildConfigurationList = B0831F98297083A100D8E73A /* Build configuration list for PBXNativeTarget "Rides" */;
			buildPhases = (
				B0831F6A2970839800D8E73A /* Sources */,
				B0831F6B2970839800D8E73A /* Frameworks */,
				B0831F6C2970839800D8E73A /* Resources */,
			);
			buildRules = (
			);
			dependencies = (
			);
			name = Rides;
			productName = Rides;
			productReference = B0831F6E2970839800D8E73A /* Rides.app */;
			productType = "com.apple.product-type.application";
		};
		B0831F83297083A100D8E73A /* RidesTests */ = {
			isa = PBXNativeTarget;
			buildConfigurationList = B0831F9B297083A100D8E73A /* Build configuration list for PBXNativeTarget "RidesTests" */;
			buildPhases = (
				B0831F80297083A100D8E73A /* Sources */,
				B0831F81297083A100D8E73A /* Frameworks */,
				B0831F82297083A100D8E73A /* Resources */,
			);
			buildRules = (
			);
			dependencies = (
				B0831F86297083A100D8E73A /* PBXTargetDependency */,
			);
			name = RidesTests;
			productName = RidesTests;
			productReference = B0831F84297083A100D8E73A /* RidesTests.xctest */;
			productType = "com.apple.product-type.bundle.unit-test";
		};
		B0831F8D297083A100D8E73A /* RidesUITests */ = {
			isa = PBXNativeTarget;
			buildConfigurationList = B0831F9E297083A100D8E73A /* Build configuration list for PBXNativeTarget "RidesUITests" */;
			buildPhases = (
				B0831F8A297083A100D8E73A /* Sources */,
				B0831F8B297083A100D8E73A /* Frameworks */,
				B0831F8C297083A100D8E73A /* Resources */,
			);
			buildRules = (
			);
			dependencies = (
				B0831F90297083A100D8E73A /* PBXTargetDependency */,
			);
			name = RidesUITests;
			productName = RidesUITests;
			productReference = B0831F8E297083A100D8E73A /* RidesUITests.xctest */;
			productType = "com.apple.product-type.bundle.ui-testing";
		};
/* End PBXNativeTarget section */

/* Begin PBXProject section */
		B0831F662970839800D8E73A /* Project object */ = {
			isa = PBXProject;
			attributes = {
				BuildIndependentTargetsInParallel = 1;
				LastSwiftUpdateCheck = 1400;
				LastUpgradeCheck = 1400;
				TargetAttributes = {
					B0831F6D2970839800D8E73A = {
						CreatedOnToolsVersion = 14.0;
					};
					B0831F83297083A100D8E73A = {
						CreatedOnToolsVersion = 14.0;
						TestTargetID = B0831F6D2970839800D8E73A;
					};
					B0831F8D297083A100D8E73A = {
						CreatedOnToolsVersion = 14.0;
						TestTargetID = B0831F6D2970839800D8E73A;
					};
				};
			};
			buildConfigurationList = B0831F692970839800D8E73A /* Build configuration list for PBXProject "Rides" */;
			compatibilityVersion = "Xcode 14.0";
			developmentRegion = en;
			hasScannedForEncodings = 0;
			knownRegions = (
				en,
				Base,
			);
			mainGroup = B0831F652970839800D8E73A;
			productRefGroup = B0831F6F2970839800D8E73A /* Products */;
			projectDirPath = "";
			projectRoot = "";
			targets = (
				B0831F6D2970839800D8E73A /* Rides */,
				B0831F83297083A100D8E73A /* RidesTests */,
				B0831F8D297083A100D8E73A /* RidesUITests */,
			);
		};
/* End PBXProject section */

/* Begin PBXResourcesBuildPhase section */
		B0831F6C2970839800D8E73A /* Resources */ = {
			isa = PBXResourcesBuildPhase;
			buildActionMask = 2147483647;
			files = (
				B0831F7E297083A000D8E73A /* LaunchScreen.storyboard in Resources */,
				B0831F7B297083A000D8E73A /* Assets.xcassets in Resources */,
				B0831F792970839800D8E73A /* Main.storyboard in Resources */,
			);
			runOnlyForDeploymentPostprocessing = 0;
		};
		B0831F82297083A100D8E73A /* Resources */ = {
			isa = PBXResourcesBuildPhase;
			buildActionMask = 2147483647;
			files = (
			);
			runOnlyForDeploymentPostprocessing = 0;
		};
		B0831F8C297083A100D8E73A /* Resources */ = {
			isa = PBXResourcesBuildPhase;
			buildActionMask = 2147483647;
			files = (
			);
			runOnlyForDeploymentPostprocessing = 0;
		};
/* End PBXResourcesBuildPhase section */

/* Begin PBXSourcesBuildPhase section */
		B0831F6A2970839800D8E73A /* Sources */ = {
			isa = PBXSourcesBuildPhase;
			buildActionMask = 2147483647;
			files = (
				B002D93D2979062100DDC7E5 /* PopUpVC.swift in Sources */,
				B07E2FFA2970AC7600C8B3EF /* RandomVchl.swift in Sources */,
				B07E30032970E09F00C8B3EF /* VehicleDetailsVC.swift in Sources */,
				B0831FAE2970A42600D8E73A /* VehicleViewModel.swift in Sources */,
				B0831F722970839800D8E73A /* AppDelegate.swift in Sources */,
				B0831F742970839800D8E73A /* SceneDelegate.swift in Sources */,
				B002D93929770A1200DDC7E5 /* CarbonEmissionVC.swift in Sources */,
				B07E2FFD2970B32C00C8B3EF /* VehicleListVC.swift in Sources */,
			);
			runOnlyForDeploymentPostprocessing = 0;
		};
		B0831F80297083A100D8E73A /* Sources */ = {
			isa = PBXSourcesBuildPhase;
			buildActionMask = 2147483647;
			files = (
				B0831F89297083A100D8E73A /* RidesTests.swift in Sources */,
			);
			runOnlyForDeploymentPostprocessing = 0;
		};
		B0831F8A297083A100D8E73A /* Sources */ = {
			isa = PBXSourcesBuildPhase;
			buildActionMask = 2147483647;
			files = (
				B0831F95297083A100D8E73A /* RidesUITestsLaunchTests.swift in Sources */,
				B0831F93297083A100D8E73A /* RidesUITests.swift in Sources */,
			);
			runOnlyForDeploymentPostprocessing = 0;
		};
/* End PBXSourcesBuildPhase section */

/* Begin PBXTargetDependency section */
		B0831F86297083A100D8E73A /* PBXTargetDependency */ = {
			isa = PBXTargetDependency;
			target = B0831F6D2970839800D8E73A /* Rides */;
			targetProxy = B0831F85297083A100D8E73A /* PBXContainerItemProxy */;
		};
		B0831F90297083A100D8E73A /* PBXTargetDependency */ = {
			isa = PBXTargetDependency;
			target = B0831F6D2970839800D8E73A /* Rides */;
			targetProxy = B0831F8F297083A100D8E73A /* PBXContainerItemProxy */;
		};
/* End PBXTargetDependency section */

/* Begin PBXVariantGroup section */
		B0831F772970839800D8E73A /* Main.storyboard */ = {
			isa = PBXVariantGroup;
			children = (
				B0831F782970839800D8E73A /* Base */,
			);
			name = Main.storyboard;
			sourceTree = "<group>";
		};
		B0831F7C297083A000D8E73A /* LaunchScreen.storyboard */ = {
			isa = PBXVariantGroup;
			children = (
				B0831F7D297083A000D8E73A /* Base */,
			);
			name = LaunchScreen.storyboard;
			sourceTree = "<group>";
		};
/* End PBXVariantGroup section */

/* Begin XCBuildConfiguration section */
		B0831F96297083A100D8E73A /* Debug */ = {
			isa = XCBuildConfiguration;
			buildSettings = {
				ALWAYS_SEARCH_USER_PATHS = NO;
				CLANG_ANALYZER_NONNULL = YES;
				CLANG_ANALYZER_NUMBER_OBJECT_CONVERSION = YES_AGGRESSIVE;
				CLANG_CXX_LANGUAGE_STANDARD = "gnu++20";
				CLANG_ENABLE_MODULES = YES;
				CLANG_ENABLE_OBJC_ARC = YES;
				CLANG_ENABLE_OBJC_WEAK = YES;
				CLANG_WARN_BLOCK_CAPTURE_AUTORELEASING = YES;
				CLANG_WARN_BOOL_CONVERSION = YES;
				CLANG_WARN_COMMA = YES;
				CLANG_WARN_CONSTANT_CONVERSION = YES;
				CLANG_WARN_DEPRECATED_OBJC_IMPLEMENTATIONS = YES;
				CLANG_WARN_DIRECT_OBJC_ISA_USAGE = YES_ERROR;
				CLANG_WARN_DOCUMENTATION_COMMENTS = YES;
				CLANG_WARN_EMPTY_BODY = YES;
				CLANG_WARN_ENUM_CONVERSION = YES;
				CLANG_WARN_INFINITE_RECURSION = YES;
				CLANG_WARN_INT_CONVERSION = YES;
				CLANG_WARN_NON_LITERAL_NULL_CONVERSION = YES;
				CLANG_WARN_OBJC_IMPLICIT_RETAIN_SELF = YES;
				CLANG_WARN_OBJC_LITERAL_CONVERSION = YES;
				CLANG_WARN_OBJC_ROOT_CLASS = YES_ERROR;
				CLANG_WARN_QUOTED_INCLUDE_IN_FRAMEWORK_HEADER = YES;
				CLANG_WARN_RANGE_LOOP_ANALYSIS = YES;
				CLANG_WARN_STRICT_PROTOTYPES = YES;
				CLANG_WARN_SUSPICIOUS_MOVE = YES;
				CLANG_WARN_UNGUARDED_AVAILABILITY = YES_AGGRESSIVE;
				CLANG_WARN_UNREACHABLE_CODE = YES;
				CLANG_WARN__DUPLICATE_METHOD_MATCH = YES;
				COPY_PHASE_STRIP = NO;
				DEBUG_INFORMATION_FORMAT = dwarf;
				ENABLE_STRICT_OBJC_MSGSEND = YES;
				ENABLE_TESTABILITY = YES;
				GCC_C_LANGUAGE_STANDARD = gnu11;
				GCC_DYNAMIC_NO_PIC = NO;
				GCC_NO_COMMON_BLOCKS = YES;
				GCC_OPTIMIZATION_LEVEL = 0;
				GCC_PREPROCESSOR_DEFINITIONS = (
					"DEBUG=1",
					"$(inherited)",
				);
				GCC_WARN_64_TO_32_BIT_CONVERSION = YES;
				GCC_WARN_ABOUT_RETURN_TYPE = YES_ERROR;
				GCC_WARN_UNDECLARED_SELECTOR = YES;
				GCC_WARN_UNINITIALIZED_AUTOS = YES_AGGRESSIVE;
				GCC_WARN_UNUSED_FUNCTION = YES;
				GCC_WARN_UNUSED_VARIABLE = YES;
				IPHONEOS_DEPLOYMENT_TARGET = 16.0;
				MTL_ENABLE_DEBUG_INFO = INCLUDE_SOURCE;
				MTL_FAST_MATH = YES;
				ONLY_ACTIVE_ARCH = YES;
				SDKROOT = iphoneos;
				SWIFT_ACTIVE_COMPILATION_CONDITIONS = DEBUG;
				SWIFT_OPTIMIZATION_LEVEL = "-Onone";
			};
			name = Debug;
		};
		B0831F97297083A100D8E73A /* Release */ = {
			isa = XCBuildConfiguration;
			buildSettings = {
				ALWAYS_SEARCH_USER_PATHS = NO;
				CLANG_ANALYZER_NONNULL = YES;
				CLANG_ANALYZER_NUMBER_OBJECT_CONVERSION = YES_AGGRESSIVE;
				CLANG_CXX_LANGUAGE_STANDARD = "gnu++20";
				CLANG_ENABLE_MODULES = YES;
				CLANG_ENABLE_OBJC_ARC = YES;
				CLANG_ENABLE_OBJC_WEAK = YES;
				CLANG_WARN_BLOCK_CAPTURE_AUTORELEASING = YES;
				CLANG_WARN_BOOL_CONVERSION = YES;
				CLANG_WARN_COMMA = YES;
				CLANG_WARN_CONSTANT_CONVERSION = YES;
				CLANG_WARN_DEPRECATED_OBJC_IMPLEMENTATIONS = YES;
				CLANG_WARN_DIRECT_OBJC_ISA_USAGE = YES_ERROR;
				CLANG_WARN_DOCUMENTATION_COMMENTS = YES;
				CLANG_WARN_EMPTY_BODY = YES;
				CLANG_WARN_ENUM_CONVERSION = YES;
				CLANG_WARN_INFINITE_RECURSION = YES;
				CLANG_WARN_INT_CONVERSION = YES;
				CLANG_WARN_NON_LITERAL_NULL_CONVERSION = YES;
				CLANG_WARN_OBJC_IMPLICIT_RETAIN_SELF = YES;
				CLANG_WARN_OBJC_LITERAL_CONVERSION = YES;
				CLANG_WARN_OBJC_ROOT_CLASS = YES_ERROR;
				CLANG_WARN_QUOTED_INCLUDE_IN_FRAMEWORK_HEADER = YES;
				CLANG_WARN_RANGE_LOOP_ANALYSIS = YES;
				CLANG_WARN_STRICT_PROTOTYPES = YES;
				CLANG_WARN_SUSPICIOUS_MOVE = YES;
				CLANG_WARN_UNGUARDED_AVAILABILITY = YES_AGGRESSIVE;
				CLANG_WARN_UNREACHABLE_CODE = YES;
				CLANG_WARN__DUPLICATE_METHOD_MATCH = YES;
				COPY_PHASE_STRIP = NO;
				DEBUG_INFORMATION_FORMAT = "dwarf-with-dsym";
				ENABLE_NS_ASSERTIONS = NO;
				ENABLE_STRICT_OBJC_MSGSEND = YES;
				GCC_C_LANGUAGE_STANDARD = gnu11;
				GCC_NO_COMMON_BLOCKS = YES;
				GCC_WARN_64_TO_32_BIT_CONVERSION = YES;
				GCC_WARN_ABOUT_RETURN_TYPE = YES_ERROR;
				GCC_WARN_UNDECLARED_SELECTOR = YES;
				GCC_WARN_UNINITIALIZED_AUTOS = YES_AGGRESSIVE;
				GCC_WARN_UNUSED_FUNCTION = YES;
				GCC_WARN_UNUSED_VARIABLE = YES;
				IPHONEOS_DEPLOYMENT_TARGET = 16.0;
				MTL_ENABLE_DEBUG_INFO = NO;
				MTL_FAST_MATH = YES;
				SDKROOT = iphoneos;
				SWIFT_COMPILATION_MODE = wholemodule;
				SWIFT_OPTIMIZATION_LEVEL = "-O";
				VALIDATE_PRODUCT = YES;
			};
			name = Release;
		};
		B0831F99297083A100D8E73A /* Debug */ = {
			isa = XCBuildConfiguration;
			buildSettings = {
				ASSETCATALOG_COMPILER_APPICON_NAME = AppIcon;
				ASSETCATALOG_COMPILER_GLOBAL_ACCENT_COLOR_NAME = AccentColor;
				CODE_SIGN_STYLE = Automatic;
				CURRENT_PROJECT_VERSION = 1;
				DEVELOPMENT_TEAM = WN4U3QH4RA;
				GENERATE_INFOPLIST_FILE = YES;
				INFOPLIST_FILE = Rides/Info.plist;
				INFOPLIST_KEY_UIApplicationSupportsIndirectInputEvents = YES;
				INFOPLIST_KEY_UILaunchStoryboardName = LaunchScreen;
				INFOPLIST_KEY_UIMainStoryboardFile = Main;
				INFOPLIST_KEY_UISupportedInterfaceOrientations_iPad = "UIInterfaceOrientationPortrait UIInterfaceOrientationPortraitUpsideDown UIInterfaceOrientationLandscapeLeft UIInterfaceOrientationLandscapeRight";
				INFOPLIST_KEY_UISupportedInterfaceOrientations_iPhone = "UIInterfaceOrientationPortrait UIInterfaceOrientationLandscapeLeft UIInterfaceOrientationLandscapeRight";
				LD_RUNPATH_SEARCH_PATHS = (
					"$(inherited)",
					"@executable_path/Frameworks",
				);
				MARKETING_VERSION = 1.0;
				PRODUCT_BUNDLE_IDENTIFIER = najjarpannu.Rides;
				PRODUCT_NAME = "$(TARGET_NAME)";
				SWIFT_EMIT_LOC_STRINGS = YES;
				SWIFT_VERSION = 5.0;
				TARGETED_DEVICE_FAMILY = "1,2";
			};
			name = Debug;
		};
		B0831F9A297083A100D8E73A /* Release */ = {
			isa = XCBuildConfiguration;
			buildSettings = {
				ASSETCATALOG_COMPILER_APPICON_NAME = AppIcon;
				ASSETCATALOG_COMPILER_GLOBAL_ACCENT_COLOR_NAME = AccentColor;
				CODE_SIGN_STYLE = Automatic;
				CURRENT_PROJECT_VERSION = 1;
				DEVELOPMENT_TEAM = WN4U3QH4RA;
				GENERATE_INFOPLIST_FILE = YES;
				INFOPLIST_FILE = Rides/Info.plist;
				INFOPLIST_KEY_UIApplicationSupportsIndirectInputEvents = YES;
				INFOPLIST_KEY_UILaunchStoryboardName = LaunchScreen;
				INFOPLIST_KEY_UIMainStoryboardFile = Main;
				INFOPLIST_KEY_UISupportedInterfaceOrientations_iPad = "UIInterfaceOrientationPortrait UIInterfaceOrientationPortraitUpsideDown UIInterfaceOrientationLandscapeLeft UIInterfaceOrientationLandscapeRight";
				INFOPLIST_KEY_UISupportedInterfaceOrientations_iPhone = "UIInterfaceOrientationPortrait UIInterfaceOrientationLandscapeLeft UIInterfaceOrientationLandscapeRight";
				LD_RUNPATH_SEARCH_PATHS = (
					"$(inherited)",
					"@executable_path/Frameworks",
				);
				MARKETING_VERSION = 1.0;
				PRODUCT_BUNDLE_IDENTIFIER = najjarpannu.Rides;
				PRODUCT_NAME = "$(TARGET_NAME)";
				SWIFT_EMIT_LOC_STRINGS = YES;
				SWIFT_VERSION = 5.0;
				TARGETED_DEVICE_FAMILY = "1,2";
			};
			name = Release;
		};
		B0831F9C297083A100D8E73A /* Debug */ = {
			isa = XCBuildConfiguration;
			buildSettings = {
				ALWAYS_EMBED_SWIFT_STANDARD_LIBRARIES = YES;
				BUNDLE_LOADER = "$(TEST_HOST)";
				CODE_SIGN_STYLE = Automatic;
				CURRENT_PROJECT_VERSION = 1;
				DEVELOPMENT_TEAM = WN4U3QH4RA;
				GENERATE_INFOPLIST_FILE = YES;
				IPHONEOS_DEPLOYMENT_TARGET = 16.0;
				MARKETING_VERSION = 1.0;
				PRODUCT_BUNDLE_IDENTIFIER = najjarpannu.RidesTests;
				PRODUCT_NAME = "$(TARGET_NAME)";
				SWIFT_EMIT_LOC_STRINGS = NO;
				SWIFT_VERSION = 5.0;
				TARGETED_DEVICE_FAMILY = "1,2";
				TEST_HOST = "$(BUILT_PRODUCTS_DIR)/Rides.app/$(BUNDLE_EXECUTABLE_FOLDER_PATH)/Rides";
			};
			name = Debug;
		};
		B0831F9D297083A100D8E73A /* Release */ = {
			isa = XCBuildConfiguration;
			buildSettings = {
				ALWAYS_EMBED_SWIFT_STANDARD_LIBRARIES = YES;
				BUNDLE_LOADER = "$(TEST_HOST)";
				CODE_SIGN_STYLE = Automatic;
				CURRENT_PROJECT_VERSION = 1;
				DEVELOPMENT_TEAM = WN4U3QH4RA;
				GENERATE_INFOPLIST_FILE = YES;
				IPHONEOS_DEPLOYMENT_TARGET = 16.0;
				MARKETING_VERSION = 1.0;
				PRODUCT_BUNDLE_IDENTIFIER = najjarpannu.RidesTests;
				PRODUCT_NAME = "$(TARGET_NAME)";
				SWIFT_EMIT_LOC_STRINGS = NO;
				SWIFT_VERSION = 5.0;
				TARGETED_DEVICE_FAMILY = "1,2";
				TEST_HOST = "$(BUILT_PRODUCTS_DIR)/Rides.app/$(BUNDLE_EXECUTABLE_FOLDER_PATH)/Rides";
			};
			name = Release;
		};
		B0831F9F297083A100D8E73A /* Debug */ = {
			isa = XCBuildConfiguration;
			buildSettings = {
				ALWAYS_EMBED_SWIFT_STANDARD_LIBRARIES = YES;
				CODE_SIGN_STYLE = Automatic;
				CURRENT_PROJECT_VERSION = 1;
				DEVELOPMENT_TEAM = WN4U3QH4RA;
				GENERATE_INFOPLIST_FILE = YES;
				MARKETING_VERSION = 1.0;
				PRODUCT_BUNDLE_IDENTIFIER = najjarpannu.RidesUITests;
				PRODUCT_NAME = "$(TARGET_NAME)";
				SWIFT_EMIT_LOC_STRINGS = NO;
				SWIFT_VERSION = 5.0;
				TARGETED_DEVICE_FAMILY = "1,2";
				TEST_TARGET_NAME = Rides;
			};
			name = Debug;
		};
		B0831FA0297083A100D8E73A /* Release */ = {
			isa = XCBuildConfiguration;
			buildSettings = {
				ALWAYS_EMBED_SWIFT_STANDARD_LIBRARIES = YES;
				CODE_SIGN_STYLE = Automatic;
				CURRENT_PROJECT_VERSION = 1;
				DEVELOPMENT_TEAM = WN4U3QH4RA;
				GENERATE_INFOPLIST_FILE = YES;
				MARKETING_VERSION = 1.0;
				PRODUCT_BUNDLE_IDENTIFIER = najjarpannu.RidesUITests;
				PRODUCT_NAME = "$(TARGET_NAME)";
				SWIFT_EMIT_LOC_STRINGS = NO;
				SWIFT_VERSION = 5.0;
				TARGETED_DEVICE_FAMILY = "1,2";
				TEST_TARGET_NAME = Rides;
			};
			name = Release;
		};
/* End XCBuildConfiguration section */

/* Begin XCConfigurationList section */
		B0831F692970839800D8E73A /* Build configuration list for PBXProject "Rides" */ = {
			isa = XCConfigurationList;
			buildConfigurations = (
				B0831F96297083A100D8E73A /* Debug */,
				B0831F97297083A100D8E73A /* Release */,
			);
			defaultConfigurationIsVisible = 0;
			defaultConfigurationName = Release;
		};
		B0831F98297083A100D8E73A /* Build configuration list for PBXNativeTarget "Rides" */ = {
			isa = XCConfigurationList;
			buildConfigurations = (
				B0831F99297083A100D8E73A /* Debug */,
				B0831F9A297083A100D8E73A /* Release */,
			);
			defaultConfigurationIsVisible = 0;
			defaultConfigurationName = Release;
		};
		B0831F9B297083A100D8E73A /* Build configuration list for PBXNativeTarget "RidesTests" */ = {
			isa = XCConfigurationList;
			buildConfigurations = (
				B0831F9C297083A100D8E73A /* Debug */,
				B0831F9D297083A100D8E73A /* Release */,
			);
			defaultConfigurationIsVisible = 0;
			defaultConfigurationName = Release;
		};
		B0831F9E297083A100D8E73A /* Build configuration list for PBXNativeTarget "RidesUITests" */ = {
			isa = XCConfigurationList;
			buildConfigurations = (
				B0831F9F297083A100D8E73A /* Debug */,
				B0831FA0297083A100D8E73A /* Release */,
			);
			defaultConfigurationIsVisible = 0;
			defaultConfigurationName = Release;
		};
/* End XCConfigurationList section */
	};
	rootObject = B0831F662970839800D8E73A /* Project object */;
}
